
Microsoft Visual Studio Solution File, Format Version 12.00
# Visual Studio 15
VisualStudioVersion = 15.0.28010.2046
MinimumVisualStudioVersion = 10.0.40219.1
Project("{9A19103F-16F7-4668-BE54-9A1E7A4F7556}") = "DbFirstUniversity", "DbFirstUniversity\DbFirstUniversity.csproj", "{06EC9C47-1E87-49E5-BCBB-DB3FC834ACBB}"
EndProject
Project("{FAE04EC0-301F-11D3-BF4B-00C04F79EFBC}") = "DbFirstUniversity.Tests", "DbFirstUniversity.Tests\DbFirstUniversity.Tests.csproj", "{16C77FB0-6343-48D4-BB8B-948EE692D1CE}"
EndProject
Project("{FAE04EC0-301F-11D3-BF4B-00C04F79EFBC}") = "BLL", "BLL\BLL.csproj", "{9351909E-9437-49B7-BCE4-5311641A9024}"
EndProject
Global
	GlobalSection(SolutionConfigurationPlatforms) = preSolution
		Debug|Any CPU = Debug|Any CPU
		Release|Any CPU = Release|Any CPU
	EndGlobalSection
	GlobalSection(ProjectConfigurationPlatforms) = postSolution
		{06EC9C47-1E87-49E5-BCBB-DB3FC834ACBB}.Debug|Any CPU.ActiveCfg = Debug|Any CPU
		{06EC9C47-1E87-49E5-BCBB-DB3FC834ACBB}.Debug|Any CPU.Build.0 = Debug|Any CPU
		{06EC9C47-1E87-49E5-BCBB-DB3FC834ACBB}.Release|Any CPU.ActiveCfg = Release|Any CPU
		{06EC9C47-1E87-49E5-BCBB-DB3FC834ACBB}.Release|Any CPU.Build.0 = Release|Any CPU
		{16C77FB0-6343-48D4-BB8B-948EE692D1CE}.Debug|Any CPU.ActiveCfg = Debug|Any CPU
		{16C77FB0-6343-48D4-BB8B-948EE692D1CE}.Debug|Any CPU.Build.0 = Debug|Any CPU
		{16C77FB0-6343-48D4-BB8B-948EE692D1CE}.Release|Any CPU.ActiveCfg = Release|Any CPU
		{16C77FB0-6343-48D4-BB8B-948EE692D1CE}.Release|Any CPU.Build.0 = Release|Any CPU
		{9351909E-9437-49B7-BCE4-5311641A9024}.Debug|Any CPU.ActiveCfg = Debug|Any CPU
		{9351909E-9437-49B7-BCE4-5311641A9024}.Debug|Any CPU.Build.0 = Debug|Any CPU
		{9351909E-9437-49B7-BCE4-5311641A9024}.Release|Any CPU.ActiveCfg = Release|Any CPU
		{9351909E-9437-49B7-BCE4-5311641A9024}.Release|Any CPU.Build.0 = Release|Any CPU
	EndGlobalSection
	GlobalSection(SolutionProperties) = preSolution
		HideSolutionNode = FALSE
	EndGlobalSection
	GlobalSection(ExtensibilityGlobals) = postSolution
		SolutionGuid = {5D2FE6A5-6A1D-48BC-A9F2-82BC2C6EF9B9}
	EndGlobalSection
EndGlobal
