
Microsoft Visual Studio Solution File, Format Version 12.00
# Visual Studio 15
VisualStudioVersion = 15.0.28010.2046
MinimumVisualStudioVersion = 10.0.40219.1
Project("{FAE04EC0-301F-11D3-BF4B-00C04F79EFBC}") = "University", "University\University.csproj", "{0E964FF4-1337-4A4B-A071-F981D51ADCD4}"
EndProject
Global
	GlobalSection(SolutionConfigurationPlatforms) = preSolution
		Debug|Any CPU = Debug|Any CPU
		Release|Any CPU = Release|Any CPU
	EndGlobalSection
	GlobalSection(ProjectConfigurationPlatforms) = postSolution
		{0E964FF4-1337-4A4B-A071-F981D51ADCD4}.Debug|Any CPU.ActiveCfg = Debug|Any CPU
		{0E964FF4-1337-4A4B-A071-F981D51ADCD4}.Debug|Any CPU.Build.0 = Debug|Any CPU
		{0E964FF4-1337-4A4B-A071-F981D51ADCD4}.Release|Any CPU.ActiveCfg = Release|Any CPU
		{0E964FF4-1337-4A4B-A071-F981D51ADCD4}.Release|Any CPU.Build.0 = Release|Any CPU
	EndGlobalSection
	GlobalSection(SolutionProperties) = preSolution
		HideSolutionNode = FALSE
	EndGlobalSection
	GlobalSection(ExtensibilityGlobals) = postSolution
		SolutionGuid = {38A0746E-8F93-46C3-870A-F92C52147D1A}
	EndGlobalSection
EndGlobal
